
Microsoft Visual Studio Solution File, Format Version 12.00
# Visual Studio Version 17
VisualStudioVersion = 17.5.002.0
MinimumVisualStudioVersion = 10.0.40219.1
Project("{9A19103F-16F7-4668-BE54-9A1E7A4F7556}") = "CrudApp", "CrudApp.csproj", "{2207FF03-A586-4386-B471-93266FB251AA}"
EndProject
Global
	GlobalSection(SolutionConfigurationPlatforms) = preSolution
		Debug|Any CPU = Debug|Any CPU
		Release|Any CPU = Release|Any CPU
	EndGlobalSection
	GlobalSection(ProjectConfigurationPlatforms) = postSolution
		{2207FF03-A586-4386-B471-93266FB251AA}.Debug|Any CPU.ActiveCfg = Debug|Any CPU
		{2207FF03-A586-4386-B471-93266FB251AA}.Debug|Any CPU.Build.0 = Debug|Any CPU
		{2207FF03-A586-4386-B471-93266FB251AA}.Release|Any CPU.ActiveCfg = Release|Any CPU
		{2207FF03-A586-4386-B471-93266FB251AA}.Release|Any CPU.Build.0 = Release|Any CPU
	EndGlobalSection
	GlobalSection(SolutionProperties) = preSolution
		HideSolutionNode = FALSE
	EndGlobalSection
	GlobalSection(ExtensibilityGlobals) = postSolution
		SolutionGuid = {2F2AB5F6-9F7F-43FC-8F91-0EBEC395485A}
	EndGlobalSection
EndGlobal
